
Microsoft Visual Studio Solution File, Format Version 12.00
# Visual Studio Version 16
VisualStudioVersion = 16.0.32602.291
MinimumVisualStudioVersion = 10.0.40219.1
Project("{8BC9CEB8-8B4A-11D0-8D11-00A0C91BC942}") = "SearchAndSortAlgorithms", "SearchAndSortAlgorithms\SearchAndSortAlgorithms.vcxproj", "{B84FDCD8-36F6-49E6-9FC5-7E846F217648}"
EndProject
Global
	GlobalSection(SolutionConfigurationPlatforms) = preSolution
		Debug|x64 = Debug|x64
		Debug|x86 = Debug|x86
		Release|x64 = Release|x64
		Release|x86 = Release|x86
	EndGlobalSection
	GlobalSection(ProjectConfigurationPlatforms) = postSolution
		{B84FDCD8-36F6-49E6-9FC5-7E846F217648}.Debug|x64.ActiveCfg = Debug|x64
		{B84FDCD8-36F6-49E6-9FC5-7E846F217648}.Debug|x64.Build.0 = Debug|x64
		{B84FDCD8-36F6-49E6-9FC5-7E846F217648}.Debug|x86.ActiveCfg = Debug|Win32
		{B84FDCD8-36F6-49E6-9FC5-7E846F217648}.Debug|x86.Build.0 = Debug|Win32
		{B84FDCD8-36F6-49E6-9FC5-7E846F217648}.Release|x64.ActiveCfg = Release|x64
		{B84FDCD8-36F6-49E6-9FC5-7E846F217648}.Release|x64.Build.0 = Release|x64
		{B84FDCD8-36F6-49E6-9FC5-7E846F217648}.Release|x86.ActiveCfg = Release|Win32
		{B84FDCD8-36F6-49E6-9FC5-7E846F217648}.Release|x86.Build.0 = Release|Win32
	EndGlobalSection
	GlobalSection(SolutionProperties) = preSolution
		HideSolutionNode = FALSE
	EndGlobalSection
	GlobalSection(ExtensibilityGlobals) = postSolution
		SolutionGuid = {4266D107-F95B-442D-95D3-4201F0C2181B}
	EndGlobalSection
EndGlobal
